
Microsoft Visual Studio Solution File, Format Version 12.00
# Visual Studio Version 17
VisualStudioVersion = 17.14.36109.1 d17.14
MinimumVisualStudioVersion = 10.0.40219.1
Project("{FAE04EC0-301F-11D3-BF4B-00C04F79EFBC}") = "Aeropuerto.EntityModels.SqlServer", "Aeropuerto.EntityModels.SqlServer\Aeropuerto.EntityModels.SqlServer.csproj", "{9341F99F-DD5A-4DA9-928D-5F8A84C2D84E}"
EndProject
Project("{FAE04EC0-301F-11D3-BF4B-00C04F79EFBC}") = "Aeropuerto.WebApi", "Aeropuerto.WebApi\Aeropuerto.WebApi.csproj", "{1823289F-38AE-4373-99EC-F78AEF554AF4}"
EndProject
Project("{FAE04EC0-301F-11D3-BF4B-00C04F79EFBC}") = "Aeropuerto.DataContext.SqlServer1", "Aeropuerto.DataContext.SqlServer1\Aeropuerto.DataContext.SqlServer1.csproj", "{E7957871-1D29-4FF1-B310-3A28821851CA}"
EndProject
Project("{FAE04EC0-301F-11D3-BF4B-00C04F79EFBC}") = "Aeropuerto.Blazor.Services", "Aeropuerto.Blazor.Services\Aeropuerto.Blazor.Services.csproj", "{C281E12F-FFAF-4161-A95F-A282A736D648}"
EndProject
Project("{FAE04EC0-301F-11D3-BF4B-00C04F79EFBC}") = "Aeropuerto.Blazor", "Aeropuerto.Blazor\Aeropuerto.Blazor.csproj", "{ADBF30C1-E0A5-4592-9694-3BFCDCB2A2A1}"
EndProject
Global
	GlobalSection(SolutionConfigurationPlatforms) = preSolution
		Debug|Any CPU = Debug|Any CPU
		Release|Any CPU = Release|Any CPU
	EndGlobalSection
	GlobalSection(ProjectConfigurationPlatforms) = postSolution
		{9341F99F-DD5A-4DA9-928D-5F8A84C2D84E}.Debug|Any CPU.ActiveCfg = Debug|Any CPU
		{9341F99F-DD5A-4DA9-928D-5F8A84C2D84E}.Debug|Any CPU.Build.0 = Debug|Any CPU
		{9341F99F-DD5A-4DA9-928D-5F8A84C2D84E}.Release|Any CPU.ActiveCfg = Release|Any CPU
		{9341F99F-DD5A-4DA9-928D-5F8A84C2D84E}.Release|Any CPU.Build.0 = Release|Any CPU
		{1823289F-38AE-4373-99EC-F78AEF554AF4}.Debug|Any CPU.ActiveCfg = Debug|Any CPU
		{1823289F-38AE-4373-99EC-F78AEF554AF4}.Debug|Any CPU.Build.0 = Debug|Any CPU
		{1823289F-38AE-4373-99EC-F78AEF554AF4}.Release|Any CPU.ActiveCfg = Release|Any CPU
		{1823289F-38AE-4373-99EC-F78AEF554AF4}.Release|Any CPU.Build.0 = Release|Any CPU
		{E7957871-1D29-4FF1-B310-3A28821851CA}.Debug|Any CPU.ActiveCfg = Debug|Any CPU
		{E7957871-1D29-4FF1-B310-3A28821851CA}.Debug|Any CPU.Build.0 = Debug|Any CPU
		{E7957871-1D29-4FF1-B310-3A28821851CA}.Release|Any CPU.ActiveCfg = Release|Any CPU
		{E7957871-1D29-4FF1-B310-3A28821851CA}.Release|Any CPU.Build.0 = Release|Any CPU
		{C281E12F-FFAF-4161-A95F-A282A736D648}.Debug|Any CPU.ActiveCfg = Debug|Any CPU
		{C281E12F-FFAF-4161-A95F-A282A736D648}.Debug|Any CPU.Build.0 = Debug|Any CPU
		{C281E12F-FFAF-4161-A95F-A282A736D648}.Release|Any CPU.ActiveCfg = Release|Any CPU
		{C281E12F-FFAF-4161-A95F-A282A736D648}.Release|Any CPU.Build.0 = Release|Any CPU
		{ADBF30C1-E0A5-4592-9694-3BFCDCB2A2A1}.Debug|Any CPU.ActiveCfg = Debug|Any CPU
		{ADBF30C1-E0A5-4592-9694-3BFCDCB2A2A1}.Debug|Any CPU.Build.0 = Debug|Any CPU
		{ADBF30C1-E0A5-4592-9694-3BFCDCB2A2A1}.Release|Any CPU.ActiveCfg = Release|Any CPU
		{ADBF30C1-E0A5-4592-9694-3BFCDCB2A2A1}.Release|Any CPU.Build.0 = Release|Any CPU
	EndGlobalSection
	GlobalSection(SolutionProperties) = preSolution
		HideSolutionNode = FALSE
	EndGlobalSection
	GlobalSection(ExtensibilityGlobals) = postSolution
		SolutionGuid = {5B8AE998-841E-465C-9A13-059163AD240F}
	EndGlobalSection
EndGlobal
